{
  "version": 4,
  "terraform_version": "1.11.4",
  "serial": 167,
  "lineage": "268d74cc-681b-0482-4d09-da3fbb362234",
  "outputs": {},
  "resources": [
    {
      "mode": "data",
      "type": "archive_file",
      "name": "lambda_taxis",
      "provider": "provider[\"registry.terraform.io/hashicorp/archive\"]",
      "instances": [
        {
          "schema_version": 0,
          "attributes": {
            "exclude_symlink_directories": null,
            "excludes": null,
            "id": "10af0247242f4dfb0de89a856d39f3e152277c1b",
            "output_base64sha256": "dpbJ840aep8+C3SQFekOc+czSkSt4nX/Qk9+KX0TugU=",
            "output_base64sha512": "bdwTR4sO3JNjPXl+Bgg7GG0+URpb2Dpehoo1lb7yegOGi+81lbSfPFdKd8QDKxcE4oDSW7N6CfFHcZHgiDoh3A==",
            "output_file_mode": null,
            "output_md5": "8011cab431243d3854af97a82a09542b",
            "output_path": "./bin/taxis.zip",
            "output_sha": "10af0247242f4dfb0de89a856d39f3e152277c1b",
            "output_sha256": "7696c9f38d1a7a9f3e0b749015e90e73e7334a44ade275ff424f7e297d13ba05",
            "output_sha512": "6ddc13478b0edc93633d797e06083b186d3e511a5bd83a5e868a3595bef27a03868bef3595b49f3c574a77c4032b1704e280d25bb37a09f1477191e0883a21dc",
            "output_size": 896,
            "source": [],
            "source_content": null,
            "source_content_filename": null,
            "source_dir": "./../taxis",
            "source_file": null,
            "type": "zip"
          },
          "sensitive_attributes": []
        }
      ]
    },
    {
      "mode": "data",
      "type": "archive_file",
      "name": "lambda_usuarios",
      "provider": "provider[\"registry.terraform.io/hashicorp/archive\"]",
      "instances": [
        {
          "schema_version": 0,
          "attributes": {
            "exclude_symlink_directories": null,
            "excludes": null,
            "id": "d39b3319c7a8c3c87497287054b04c56ce1028ec",
            "output_base64sha256": "tfIT8ZobXuwQfJO2ea1vhkPq8C88uYi5iHH+SNU6dEw=",
            "output_base64sha512": "bSJFSBqPksQOAe3U+avUM7aq0Qy35mtNf9HxcJJM7Vlfn/5r0MxkKm2XZHbXDSJ/1w5jooe8z8PtGlyPYk0Kcg==",
            "output_file_mode": null,
            "output_md5": "ce4b3c5f012d7130858a1c2ddfbdae5d",
            "output_path": "./bin/usuarios.zip",
            "output_sha": "d39b3319c7a8c3c87497287054b04c56ce1028ec",
            "output_sha256": "b5f213f19a1b5eec107c93b679ad6f8643eaf02f3cb988b98871fe48d53a744c",
            "output_sha512": "6d2245481a8f92c40e01edd4f9abd433b6aad10cb7e66b4d7fd1f170924ced595f9ffe6bd0cc642a6d976476d70d227fd70e63a287bccfc3ed1a5c8f624d0a72",
            "output_size": 920,
            "source": [],
            "source_content": null,
            "source_content_filename": null,
            "source_dir": "./../usuarios",
            "source_file": null,
            "type": "zip"
          },
          "sensitive_attributes": []
        }
      ]
    },
    {
      "mode": "data",
      "type": "archive_file",
      "name": "lambda_viajes",
      "provider": "provider[\"registry.terraform.io/hashicorp/archive\"]",
      "instances": [
        {
          "schema_version": 0,
          "attributes": {
            "exclude_symlink_directories": null,
            "excludes": null,
            "id": "6b29bc9f0615a50a455ce04efb007a33c0d49571",
            "output_base64sha256": "40qAhtoesdT0S2bYE8S8+j2wsnxpgOagCILCyk/Xo54=",
            "output_base64sha512": "keQNn52zCtrCjiQELw66ruHCES6fOAQ8HCdRwvBqA6PU48Xl9c/HijdXb4Yuai28k6bbSAL4PonpDiCjHwBgOw==",
            "output_file_mode": null,
            "output_md5": "54b1725cea1eedac82d874bc386d8a6b",
            "output_path": "./bin/viajes.zip",
            "output_sha": "6b29bc9f0615a50a455ce04efb007a33c0d49571",
            "output_sha256": "e34a8086da1eb1d4f44b66d813c4bcfa3db0b27c6980e6a00882c2ca4fd7a39e",
            "output_sha512": "91e40d9f9db30adac28e24042f0ebaaee1c2112e9f38043c1c2751c2f06a03a3d4e3c5e5f5cfc78a37576f862e6a2dbc93a6db4802f83e89e90e20a31f00603b",
            "output_size": 942,
            "source": [],
            "source_content": null,
            "source_content_filename": null,
            "source_dir": "./../viajes",
            "source_file": null,
            "type": "zip"
          },
          "sensitive_attributes": []
        }
      ]
    },
    {
      "mode": "data",
      "type": "aws_security_group",
      "name": "lambda_sg",
      "provider": "provider[\"registry.terraform.io/hashicorp/aws\"]",
      "instances": [
        {
          "schema_version": 0,
          "attributes": {
            "arn": "arn:aws:ec2:us-east-2:923789128997:security-group/sg-01a5fdf9b8fe18508",
            "description": "Created by lambda console",
            "filter": null,
            "id": "sg-01a5fdf9b8fe18508",
            "name": "lambda-rds-1",
            "tags": {},
            "timeouts": null,
            "vpc_id": "vpc-0fc1da5103d68dcc7"
          },
          "sensitive_attributes": []
        }
      ]
    },
    {
      "mode": "data",
      "type": "aws_subnet",
      "name": "private1-us-east-2a",
      "provider": "provider[\"registry.terraform.io/hashicorp/aws\"]",
      "instances": [
        {
          "schema_version": 0,
          "attributes": {
            "arn": "arn:aws:ec2:us-east-2:923789128997:subnet/subnet-0ca0a62770356adba",
            "assign_ipv6_address_on_creation": false,
            "availability_zone": "us-east-2a",
            "availability_zone_id": "use2-az1",
            "available_ip_address_count": 4091,
            "cidr_block": "10.0.128.0/20",
            "customer_owned_ipv4_pool": "",
            "default_for_az": false,
            "enable_dns64": false,
            "enable_lni_at_device_index": 0,
            "enable_resource_name_dns_a_record_on_launch": false,
            "enable_resource_name_dns_aaaa_record_on_launch": false,
            "filter": null,
            "id": "subnet-0ca0a62770356adba",
            "ipv6_cidr_block": "",
            "ipv6_cidr_block_association_id": "",
            "ipv6_native": false,
            "map_customer_owned_ip_on_launch": false,
            "map_public_ip_on_launch": false,
            "outpost_arn": "",
            "owner_id": "923789128997",
            "private_dns_hostname_type_on_launch": "ip-name",
            "state": "available",
            "tags": {
              "Name": "lambdas_rds-subnet-private1-us-east-2a"
            },
            "timeouts": null,
            "vpc_id": "vpc-0fc1da5103d68dcc7"
          },
          "sensitive_attributes": []
        }
      ]
    },
    {
      "mode": "data",
      "type": "aws_subnet",
      "name": "private2-us-east-2b",
      "provider": "provider[\"registry.terraform.io/hashicorp/aws\"]",
      "instances": [
        {
          "schema_version": 0,
          "attributes": {
            "arn": "arn:aws:ec2:us-east-2:923789128997:subnet/subnet-09b3130da42f77519",
            "assign_ipv6_address_on_creation": false,
            "availability_zone": "us-east-2b",
            "availability_zone_id": "use2-az2",
            "available_ip_address_count": 4091,
            "cidr_block": "10.0.144.0/20",
            "customer_owned_ipv4_pool": "",
            "default_for_az": false,
            "enable_dns64": false,
            "enable_lni_at_device_index": 0,
            "enable_resource_name_dns_a_record_on_launch": false,
            "enable_resource_name_dns_aaaa_record_on_launch": false,
            "filter": null,
            "id": "subnet-09b3130da42f77519",
            "ipv6_cidr_block": "",
            "ipv6_cidr_block_association_id": "",
            "ipv6_native": false,
            "map_customer_owned_ip_on_launch": false,
            "map_public_ip_on_launch": false,
            "outpost_arn": "",
            "owner_id": "923789128997",
            "private_dns_hostname_type_on_launch": "ip-name",
            "state": "available",
            "tags": {
              "Name": "lambdas_rds-subnet-private2-us-east-2b"
            },
            "timeouts": null,
            "vpc_id": "vpc-0fc1da5103d68dcc7"
          },
          "sensitive_attributes": []
        }
      ]
    },
    {
      "mode": "data",
      "type": "aws_subnet",
      "name": "public1-us-east-2a",
      "provider": "provider[\"registry.terraform.io/hashicorp/aws\"]",
      "instances": [
        {
          "schema_version": 0,
          "attributes": {
            "arn": "arn:aws:ec2:us-east-2:923789128997:subnet/subnet-0f3b032d13c823454",
            "assign_ipv6_address_on_creation": false,
            "availability_zone": "us-east-2a",
            "availability_zone_id": "use2-az1",
            "available_ip_address_count": 4088,
            "cidr_block": "10.0.0.0/20",
            "customer_owned_ipv4_pool": "",
            "default_for_az": false,
            "enable_dns64": false,
            "enable_lni_at_device_index": 0,
            "enable_resource_name_dns_a_record_on_launch": false,
            "enable_resource_name_dns_aaaa_record_on_launch": false,
            "filter": null,
            "id": "subnet-0f3b032d13c823454",
            "ipv6_cidr_block": "",
            "ipv6_cidr_block_association_id": "",
            "ipv6_native": false,
            "map_customer_owned_ip_on_launch": false,
            "map_public_ip_on_launch": false,
            "outpost_arn": "",
            "owner_id": "923789128997",
            "private_dns_hostname_type_on_launch": "ip-name",
            "state": "available",
            "tags": {
              "Name": "lambdas_rds-subnet-public1-us-east-2a"
            },
            "timeouts": null,
            "vpc_id": "vpc-0fc1da5103d68dcc7"
          },
          "sensitive_attributes": []
        }
      ]
    },
    {
      "mode": "data",
      "type": "aws_subnet",
      "name": "public2-us-east-2b",
      "provider": "provider[\"registry.terraform.io/hashicorp/aws\"]",
      "instances": [
        {
          "schema_version": 0,
          "attributes": {
            "arn": "arn:aws:ec2:us-east-2:923789128997:subnet/subnet-0a9a32b0b128ed6c3",
            "assign_ipv6_address_on_creation": false,
            "availability_zone": "us-east-2b",
            "availability_zone_id": "use2-az2",
            "available_ip_address_count": 4087,
            "cidr_block": "10.0.16.0/20",
            "customer_owned_ipv4_pool": "",
            "default_for_az": false,
            "enable_dns64": false,
            "enable_lni_at_device_index": 0,
            "enable_resource_name_dns_a_record_on_launch": false,
            "enable_resource_name_dns_aaaa_record_on_launch": false,
            "filter": null,
            "id": "subnet-0a9a32b0b128ed6c3",
            "ipv6_cidr_block": "",
            "ipv6_cidr_block_association_id": "",
            "ipv6_native": false,
            "map_customer_owned_ip_on_launch": false,
            "map_public_ip_on_launch": false,
            "outpost_arn": "",
            "owner_id": "923789128997",
            "private_dns_hostname_type_on_launch": "ip-name",
            "state": "available",
            "tags": {
              "Name": "lambdas_rds-subnet-public2-us-east-2b"
            },
            "timeouts": null,
            "vpc_id": "vpc-0fc1da5103d68dcc7"
          },
          "sensitive_attributes": []
        }
      ]
    },
    {
      "mode": "managed",
      "type": "aws_iam_policy",
      "name": "lambda_policy",
      "provider": "provider[\"registry.terraform.io/hashicorp/aws\"]",
      "instances": [
        {
          "schema_version": 0,
          "attributes": {
            "arn": "arn:aws:iam::923789128997:policy/taxis_policy",
            "attachment_count": 1,
            "description": "",
            "id": "arn:aws:iam::923789128997:policy/taxis_policy",
            "name": "taxis_policy",
            "name_prefix": "",
            "path": "/",
            "policy": "{\"Statement\":[{\"Action\":[\"logs:CreateLogGroup\",\"logs:CreateLogStream\",\"logs:PutLogEvents\"],\"Effect\":\"Allow\",\"Resource\":\"arn:aws:logs:*:*:*\"}],\"Version\":\"2012-10-17\"}",
            "policy_id": "ANPA5OFQ7OUSSHMY4YJTH",
            "tags": {},
            "tags_all": {}
          },
          "sensitive_attributes": [],
          "private": "bnVsbA=="
        }
      ]
    },
    {
      "mode": "managed",
      "type": "aws_iam_policy",
      "name": "lambda_policy_usuarios",
      "provider": "provider[\"registry.terraform.io/hashicorp/aws\"]",
      "instances": [
        {
          "schema_version": 0,
          "attributes": {
            "arn": "arn:aws:iam::923789128997:policy/usuarios_policy",
            "attachment_count": 1,
            "description": "",
            "id": "arn:aws:iam::923789128997:policy/usuarios_policy",
            "name": "usuarios_policy",
            "name_prefix": "",
            "path": "/",
            "policy": "{\"Statement\":[{\"Action\":[\"logs:CreateLogGroup\",\"logs:CreateLogStream\",\"logs:PutLogEvents\"],\"Effect\":\"Allow\",\"Resource\":\"arn:aws:logs:*:*:*\"}],\"Version\":\"2012-10-17\"}",
            "policy_id": "ANPA5OFQ7OUSRL5A7PNBT",
            "tags": {},
            "tags_all": {}
          },
          "sensitive_attributes": [],
          "private": "bnVsbA=="
        }
      ]
    },
    {
      "mode": "managed",
      "type": "aws_iam_policy",
      "name": "lambda_policy_viajes",
      "provider": "provider[\"registry.terraform.io/hashicorp/aws\"]",
      "instances": [
        {
          "schema_version": 0,
          "attributes": {
            "arn": "arn:aws:iam::923789128997:policy/viajes_policy",
            "attachment_count": 1,
            "description": "",
            "id": "arn:aws:iam::923789128997:policy/viajes_policy",
            "name": "viajes_policy",
            "name_prefix": "",
            "path": "/",
            "policy": "{\"Statement\":[{\"Action\":[\"logs:CreateLogGroup\",\"logs:CreateLogStream\",\"logs:PutLogEvents\"],\"Effect\":\"Allow\",\"Resource\":\"arn:aws:logs:*:*:*\"}],\"Version\":\"2012-10-17\"}",
            "policy_id": "ANPA5OFQ7OUSVEZ2SB7KN",
            "tags": {},
            "tags_all": {}
          },
          "sensitive_attributes": [],
          "private": "bnVsbA=="
        }
      ]
    },
    {
      "mode": "managed",
      "type": "aws_iam_role",
      "name": "lambda_taxis_exec_role",
      "provider": "provider[\"registry.terraform.io/hashicorp/aws\"]",
      "instances": [
        {
          "schema_version": 0,
          "attributes": {
            "arn": "arn:aws:iam::923789128997:role/taxis_exec_role",
            "assume_role_policy": "{\"Statement\":[{\"Action\":\"sts:AssumeRole\",\"Effect\":\"Allow\",\"Principal\":{\"Service\":\"lambda.amazonaws.com\"}}],\"Version\":\"2012-10-17\"}",
            "create_date": "2025-05-03T05:10:34Z",
            "description": "",
            "force_detach_policies": false,
            "id": "taxis_exec_role",
            "inline_policy": [],
            "managed_policy_arns": [
              "arn:aws:iam::923789128997:policy/taxis_policy",
              "arn:aws:iam::aws:policy/service-role/AWSLambdaVPCAccessExecutionRole"
            ],
            "max_session_duration": 3600,
            "name": "taxis_exec_role",
            "name_prefix": "",
            "path": "/",
            "permissions_boundary": "",
            "tags": {},
            "tags_all": {},
            "unique_id": "AROA5OFQ7OUS6D6HLPPOO"
          },
          "sensitive_attributes": [],
          "private": "bnVsbA=="
        }
      ]
    },
    {
      "mode": "managed",
      "type": "aws_iam_role",
      "name": "lambda_usuarios_exec_role",
      "provider": "provider[\"registry.terraform.io/hashicorp/aws\"]",
      "instances": [
        {
          "schema_version": 0,
          "attributes": {
            "arn": "arn:aws:iam::923789128997:role/usuarios_exec_role",
            "assume_role_policy": "{\"Statement\":[{\"Action\":\"sts:AssumeRole\",\"Effect\":\"Allow\",\"Principal\":{\"Service\":\"lambda.amazonaws.com\"}}],\"Version\":\"2012-10-17\"}",
            "create_date": "2025-05-07T05:14:12Z",
            "description": "",
            "force_detach_policies": false,
            "id": "usuarios_exec_role",
            "inline_policy": [],
            "managed_policy_arns": [
              "arn:aws:iam::923789128997:policy/usuarios_policy",
              "arn:aws:iam::aws:policy/service-role/AWSLambdaVPCAccessExecutionRole"
            ],
            "max_session_duration": 3600,
            "name": "usuarios_exec_role",
            "name_prefix": "",
            "path": "/",
            "permissions_boundary": "",
            "tags": {},
            "tags_all": {},
            "unique_id": "AROA5OFQ7OUS7O3OLPF2A"
          },
          "sensitive_attributes": [],
          "private": "bnVsbA=="
        }
      ]
    },
    {
      "mode": "managed",
      "type": "aws_iam_role",
      "name": "lambda_viajes_exec_role",
      "provider": "provider[\"registry.terraform.io/hashicorp/aws\"]",
      "instances": [
        {
          "schema_version": 0,
          "attributes": {
            "arn": "arn:aws:iam::923789128997:role/viajes_exec_role",
            "assume_role_policy": "{\"Statement\":[{\"Action\":\"sts:AssumeRole\",\"Effect\":\"Allow\",\"Principal\":{\"Service\":\"lambda.amazonaws.com\"}}],\"Version\":\"2012-10-17\"}",
            "create_date": "2025-05-07T04:29:21Z",
            "description": "",
            "force_detach_policies": false,
            "id": "viajes_exec_role",
            "inline_policy": [],
            "managed_policy_arns": [
              "arn:aws:iam::923789128997:policy/viajes_policy",
              "arn:aws:iam::aws:policy/service-role/AWSLambdaVPCAccessExecutionRole"
            ],
            "max_session_duration": 3600,
            "name": "viajes_exec_role",
            "name_prefix": "",
            "path": "/",
            "permissions_boundary": "",
            "tags": {},
            "tags_all": {},
            "unique_id": "AROA5OFQ7OUS4EZFTRQ62"
          },
          "sensitive_attributes": [],
          "private": "bnVsbA=="
        }
      ]
    },
    {
      "mode": "managed",
      "type": "aws_iam_role_policy_attachment",
      "name": "AWSLambdaVPCAccessExecutionRole",
      "provider": "provider[\"registry.terraform.io/hashicorp/aws\"]",
      "instances": [
        {
          "schema_version": 0,
          "attributes": {
            "id": "taxis_exec_role-20250503051033824400000002",
            "policy_arn": "arn:aws:iam::aws:policy/service-role/AWSLambdaVPCAccessExecutionRole",
            "role": "taxis_exec_role"
          },
          "sensitive_attributes": [],
          "private": "bnVsbA==",
          "dependencies": [
            "aws_iam_role.lambda_taxis_exec_role"
          ]
        }
      ]
    },
    {
      "mode": "managed",
      "type": "aws_iam_role_policy_attachment",
      "name": "AWSLambdaVPCAccessExecutionRole_usuarios",
      "provider": "provider[\"registry.terraform.io/hashicorp/aws\"]",
      "instances": [
        {
          "schema_version": 0,
          "attributes": {
            "id": "usuarios_exec_role-20250507051412933800000003",
            "policy_arn": "arn:aws:iam::aws:policy/service-role/AWSLambdaVPCAccessExecutionRole",
            "role": "usuarios_exec_role"
          },
          "sensitive_attributes": [],
          "private": "bnVsbA==",
          "dependencies": [
            "aws_iam_role.lambda_usuarios_exec_role"
          ]
        }
      ]
    },
    {
      "mode": "managed",
      "type": "aws_iam_role_policy_attachment",
      "name": "AWSLambdaVPCAccessExecutionRole_viajes",
      "provider": "provider[\"registry.terraform.io/hashicorp/aws\"]",
      "instances": [
        {
          "schema_version": 0,
          "attributes": {
            "id": "viajes_exec_role-20250507042922379400000002",
            "policy_arn": "arn:aws:iam::aws:policy/service-role/AWSLambdaVPCAccessExecutionRole",
            "role": "viajes_exec_role"
          },
          "sensitive_attributes": [],
          "private": "bnVsbA==",
          "dependencies": [
            "aws_iam_role.lambda_viajes_exec_role"
          ]
        }
      ]
    },
    {
      "mode": "managed",
      "type": "aws_iam_role_policy_attachment",
      "name": "lambda_policy_attachment",
      "provider": "provider[\"registry.terraform.io/hashicorp/aws\"]",
      "instances": [
        {
          "schema_version": 0,
          "attributes": {
            "id": "taxis_exec_role-20250503051033807000000001",
            "policy_arn": "arn:aws:iam::923789128997:policy/taxis_policy",
            "role": "taxis_exec_role"
          },
          "sensitive_attributes": [],
          "private": "bnVsbA==",
          "dependencies": [
            "aws_iam_policy.lambda_policy",
            "aws_iam_role.lambda_taxis_exec_role"
          ]
        }
      ]
    },
    {
      "mode": "managed",
      "type": "aws_iam_role_policy_attachment",
      "name": "lambda_policy_attachment_usuarios",
      "provider": "provider[\"registry.terraform.io/hashicorp/aws\"]",
      "instances": [
        {
          "schema_version": 0,
          "attributes": {
            "id": "usuarios_exec_role-20250507051912534200000002",
            "policy_arn": "arn:aws:iam::923789128997:policy/usuarios_policy",
            "role": "usuarios_exec_role"
          },
          "sensitive_attributes": [],
          "private": "bnVsbA==",
          "dependencies": [
            "aws_iam_policy.lambda_policy_usuarios",
            "aws_iam_role.lambda_usuarios_exec_role"
          ]
        }
      ]
    },
    {
      "mode": "managed",
      "type": "aws_iam_role_policy_attachment",
      "name": "lambda_policy_attachment_viajes",
      "provider": "provider[\"registry.terraform.io/hashicorp/aws\"]",
      "instances": [
        {
          "schema_version": 0,
          "attributes": {
            "id": "viajes_exec_role-20250507051912515200000001",
            "policy_arn": "arn:aws:iam::923789128997:policy/viajes_policy",
            "role": "viajes_exec_role"
          },
          "sensitive_attributes": [],
          "private": "bnVsbA==",
          "dependencies": [
            "aws_iam_policy.lambda_policy_viajes",
            "aws_iam_role.lambda_viajes_exec_role"
          ]
        }
      ]
    },
    {
      "mode": "managed",
      "type": "aws_lambda_function",
      "name": "taxis",
      "provider": "provider[\"registry.terraform.io/hashicorp/aws\"]",
      "instances": [
        {
          "schema_version": 0,
          "attributes": {
            "architectures": [
              "x86_64"
            ],
            "arn": "arn:aws:lambda:us-east-2:923789128997:function:taxis",
            "code_sha256": "XmIP09nCglx5vzBDwcG0w7YP6v/nn/5tEAXawYjiLzE=",
            "code_signing_config_arn": "",
            "dead_letter_config": [],
            "description": "",
            "environment": [
              {
                "variables": {
                  "DB_HOST": "db-taxis-viajes-usuarios.cbmia0266pjz.us-east-2.rds.amazonaws.com",
                  "DB_NAME": "db-taxis-viajes-usuarios",
                  "DB_PASSWORD": "grupo7_rds",
                  "DB_USER": "IACgrupo7"
                }
              }
            ],
            "ephemeral_storage": [
              {
                "size": 512
              }
            ],
            "file_system_config": [],
            "filename": "./bin/taxis.zip",
            "function_name": "taxis",
            "handler": "index.handler",
            "id": "taxis",
            "image_config": [],
            "image_uri": "",
            "invoke_arn": "arn:aws:apigateway:us-east-2:lambda:path/2015-03-31/functions/arn:aws:lambda:us-east-2:923789128997:function:taxis/invocations",
            "kms_key_arn": "",
            "last_modified": "2025-05-03T05:15:58.000+0000",
            "layers": [],
            "logging_config": [
              {
                "application_log_level": "",
                "log_format": "Text",
                "log_group": "/aws/lambda/taxis",
                "system_log_level": ""
              }
            ],
            "memory_size": 128,
            "package_type": "Zip",
            "publish": false,
            "qualified_arn": "arn:aws:lambda:us-east-2:923789128997:function:taxis:$LATEST",
            "qualified_invoke_arn": "arn:aws:apigateway:us-east-2:lambda:path/2015-03-31/functions/arn:aws:lambda:us-east-2:923789128997:function:taxis:$LATEST/invocations",
            "replace_security_groups_on_destroy": null,
            "replacement_security_group_ids": null,
            "reserved_concurrent_executions": -1,
            "role": "arn:aws:iam::923789128997:role/taxis_exec_role",
            "runtime": "nodejs16.x",
            "s3_bucket": null,
            "s3_key": null,
            "s3_object_version": null,
            "signing_job_arn": "",
            "signing_profile_version_arn": "",
            "skip_destroy": false,
            "snap_start": [],
            "source_code_hash": "bdwTR4sO3JNjPXl+Bgg7GG0+URpb2Dpehoo1lb7yegOGi+81lbSfPFdKd8QDKxcE4oDSW7N6CfFHcZHgiDoh3A==",
            "source_code_size": 157252,
            "tags": {},
            "tags_all": {},
            "timeout": 3,
            "timeouts": null,
            "tracing_config": [
              {
                "mode": "PassThrough"
              }
            ],
            "version": "$LATEST",
            "vpc_config": [
              {
                "ipv6_allowed_for_dual_stack": false,
                "security_group_ids": [
                  "sg-01a5fdf9b8fe18508"
                ],
                "subnet_ids": [
                  "subnet-0a9a32b0b128ed6c3",
                  "subnet-0f3b032d13c823454"
                ],
                "vpc_id": "vpc-0fc1da5103d68dcc7"
              }
            ]
          },
          "sensitive_attributes": [],
          "private": "eyJlMmJmYjczMC1lY2FhLTExZTYtOGY4OC0zNDM2M2JjN2M0YzAiOnsiY3JlYXRlIjo2MDAwMDAwMDAwMDAsImRlbGV0ZSI6NjAwMDAwMDAwMDAwLCJ1cGRhdGUiOjYwMDAwMDAwMDAwMH19",
          "dependencies": [
            "aws_iam_role.lambda_taxis_exec_role",
            "data.archive_file.lambda_taxis",
            "data.aws_security_group.lambda_sg",
            "data.aws_subnet.public1-us-east-2a",
            "data.aws_subnet.public2-us-east-2b"
          ]
        }
      ]
    },
    {
      "mode": "managed",
      "type": "aws_lambda_function",
      "name": "usuarios",
      "provider": "provider[\"registry.terraform.io/hashicorp/aws\"]",
      "instances": [
        {
          "schema_version": 0,
          "attributes": {
            "architectures": [
              "x86_64"
            ],
            "arn": "arn:aws:lambda:us-east-2:923789128997:function:usuarios",
            "code_sha256": "tfIT8ZobXuwQfJO2ea1vhkPq8C88uYi5iHH+SNU6dEw=",
            "code_signing_config_arn": "",
            "dead_letter_config": [],
            "description": "",
            "environment": [
              {
                "variables": {
                  "DB_HOST": "db-taxis-viajes-usuarios.cbmia0266pjz.us-east-2.rds.amazonaws.com",
                  "DB_NAME": "db-taxis-viajes-usuarios",
                  "DB_PASSWORD": "grupo7_rds",
                  "DB_USER": "IACgrupo7"
                }
              }
            ],
            "ephemeral_storage": [
              {
                "size": 512
              }
            ],
            "file_system_config": [],
            "filename": "./bin/usuarios.zip",
            "function_name": "usuarios",
            "handler": "index.handler",
            "id": "usuarios",
            "image_config": [],
            "image_uri": "",
            "invoke_arn": "arn:aws:apigateway:us-east-2:lambda:path/2015-03-31/functions/arn:aws:lambda:us-east-2:923789128997:function:usuarios/invocations",
            "kms_key_arn": "",
            "last_modified": "2025-05-07T05:41:32.000+0000",
            "layers": [],
            "logging_config": [
              {
                "application_log_level": "",
                "log_format": "Text",
                "log_group": "/aws/lambda/usuarios",
                "system_log_level": ""
              }
            ],
            "memory_size": 128,
            "package_type": "Zip",
            "publish": false,
            "qualified_arn": "arn:aws:lambda:us-east-2:923789128997:function:usuarios:$LATEST",
            "qualified_invoke_arn": "arn:aws:apigateway:us-east-2:lambda:path/2015-03-31/functions/arn:aws:lambda:us-east-2:923789128997:function:usuarios:$LATEST/invocations",
            "replace_security_groups_on_destroy": null,
            "replacement_security_group_ids": null,
            "reserved_concurrent_executions": -1,
            "role": "arn:aws:iam::923789128997:role/usuarios_exec_role",
            "runtime": "nodejs16.x",
            "s3_bucket": null,
            "s3_key": null,
            "s3_object_version": null,
            "signing_job_arn": "",
            "signing_profile_version_arn": "",
            "skip_destroy": false,
            "snap_start": [],
            "source_code_hash": "bSJFSBqPksQOAe3U+avUM7aq0Qy35mtNf9HxcJJM7Vlfn/5r0MxkKm2XZHbXDSJ/1w5jooe8z8PtGlyPYk0Kcg==",
            "source_code_size": 920,
            "tags": {},
            "tags_all": {},
            "timeout": 3,
            "timeouts": null,
            "tracing_config": [
              {
                "mode": "PassThrough"
              }
            ],
            "version": "$LATEST",
            "vpc_config": [
              {
                "ipv6_allowed_for_dual_stack": false,
                "security_group_ids": [
                  "sg-01a5fdf9b8fe18508"
                ],
                "subnet_ids": [
                  "subnet-0a9a32b0b128ed6c3",
                  "subnet-0f3b032d13c823454"
                ],
                "vpc_id": "vpc-0fc1da5103d68dcc7"
              }
            ]
          },
          "sensitive_attributes": [],
          "private": "eyJlMmJmYjczMC1lY2FhLTExZTYtOGY4OC0zNDM2M2JjN2M0YzAiOnsiY3JlYXRlIjo2MDAwMDAwMDAwMDAsImRlbGV0ZSI6NjAwMDAwMDAwMDAwLCJ1cGRhdGUiOjYwMDAwMDAwMDAwMH19",
          "dependencies": [
            "aws_iam_role.lambda_usuarios_exec_role",
            "data.archive_file.lambda_usuarios",
            "data.aws_security_group.lambda_sg",
            "data.aws_subnet.public1-us-east-2a",
            "data.aws_subnet.public2-us-east-2b"
          ]
        }
      ]
    },
    {
      "mode": "managed",
      "type": "aws_lambda_function",
      "name": "viajes",
      "provider": "provider[\"registry.terraform.io/hashicorp/aws\"]",
      "instances": [
        {
          "schema_version": 0,
          "attributes": {
            "architectures": [
              "x86_64"
            ],
            "arn": "arn:aws:lambda:us-east-2:923789128997:function:viajes",
            "code_sha256": "40qAhtoesdT0S2bYE8S8+j2wsnxpgOagCILCyk/Xo54=",
            "code_signing_config_arn": "",
            "dead_letter_config": [],
            "description": "",
            "environment": [
              {
                "variables": {
                  "DB_HOST": "db-taxis-viajes-usuarios.cbmia0266pjz.us-east-2.rds.amazonaws.com",
                  "DB_NAME": "db-taxis-viajes-usuarios",
                  "DB_PASSWORD": "grupo7_rds",
                  "DB_USER": "IACgrupo7"
                }
              }
            ],
            "ephemeral_storage": [
              {
                "size": 512
              }
            ],
            "file_system_config": [],
            "filename": "./bin/viajes.zip",
            "function_name": "viajes",
            "handler": "index.handler",
            "id": "viajes",
            "image_config": [],
            "image_uri": "",
            "invoke_arn": "arn:aws:apigateway:us-east-2:lambda:path/2015-03-31/functions/arn:aws:lambda:us-east-2:923789128997:function:viajes/invocations",
            "kms_key_arn": "",
            "last_modified": "2025-05-07T05:14:12.000+0000",
            "layers": [],
            "logging_config": [
              {
                "application_log_level": "",
                "log_format": "Text",
                "log_group": "/aws/lambda/viajes",
                "system_log_level": ""
              }
            ],
            "memory_size": 128,
            "package_type": "Zip",
            "publish": false,
            "qualified_arn": "arn:aws:lambda:us-east-2:923789128997:function:viajes:$LATEST",
            "qualified_invoke_arn": "arn:aws:apigateway:us-east-2:lambda:path/2015-03-31/functions/arn:aws:lambda:us-east-2:923789128997:function:viajes:$LATEST/invocations",
            "replace_security_groups_on_destroy": null,
            "replacement_security_group_ids": null,
            "reserved_concurrent_executions": -1,
            "role": "arn:aws:iam::923789128997:role/viajes_exec_role",
            "runtime": "nodejs16.x",
            "s3_bucket": null,
            "s3_key": null,
            "s3_object_version": null,
            "signing_job_arn": "",
            "signing_profile_version_arn": "",
            "skip_destroy": false,
            "snap_start": [],
            "source_code_hash": "keQNn52zCtrCjiQELw66ruHCES6fOAQ8HCdRwvBqA6PU48Xl9c/HijdXb4Yuai28k6bbSAL4PonpDiCjHwBgOw==",
            "source_code_size": 942,
            "tags": {},
            "tags_all": {},
            "timeout": 3,
            "timeouts": null,
            "tracing_config": [
              {
                "mode": "PassThrough"
              }
            ],
            "version": "$LATEST",
            "vpc_config": [
              {
                "ipv6_allowed_for_dual_stack": false,
                "security_group_ids": [
                  "sg-01a5fdf9b8fe18508"
                ],
                "subnet_ids": [
                  "subnet-0a9a32b0b128ed6c3",
                  "subnet-0f3b032d13c823454"
                ],
                "vpc_id": "vpc-0fc1da5103d68dcc7"
              }
            ]
          },
          "sensitive_attributes": [],
          "private": "eyJlMmJmYjczMC1lY2FhLTExZTYtOGY4OC0zNDM2M2JjN2M0YzAiOnsiY3JlYXRlIjo2MDAwMDAwMDAwMDAsImRlbGV0ZSI6NjAwMDAwMDAwMDAwLCJ1cGRhdGUiOjYwMDAwMDAwMDAwMH19",
          "dependencies": [
            "aws_iam_role.lambda_viajes_exec_role",
            "data.archive_file.lambda_viajes",
            "data.aws_security_group.lambda_sg",
            "data.aws_subnet.public1-us-east-2a",
            "data.aws_subnet.public2-us-east-2b"
          ]
        }
      ]
    },
    {
      "mode": "managed",
      "type": "aws_lambda_permission",
      "name": "allow_s3",
      "provider": "provider[\"registry.terraform.io/hashicorp/aws\"]",
      "instances": [
        {
          "schema_version": 0,
          "attributes": {
            "action": "lambda:InvokeFunction",
            "event_source_token": null,
            "function_name": "taxis",
            "function_url_auth_type": null,
            "id": "AllowS3",
            "principal": "s3.amazonaws.com",
            "principal_org_id": null,
            "qualifier": "",
            "source_account": null,
            "source_arn": "arn:aws:s3:::taxis-bucket",
            "statement_id": "AllowS3",
            "statement_id_prefix": ""
          },
          "sensitive_attributes": [],
          "private": "bnVsbA==",
          "dependencies": [
            "aws_iam_role.lambda_taxis_exec_role",
            "aws_lambda_function.taxis",
            "aws_s3_bucket.bucket",
            "data.archive_file.lambda_taxis",
            "data.aws_security_group.lambda_sg",
            "data.aws_subnet.public1-us-east-2a",
            "data.aws_subnet.public2-us-east-2b"
          ]
        }
      ]
    },
    {
      "mode": "managed",
      "type": "aws_lambda_permission",
      "name": "allow_s3_usuarios",
      "provider": "provider[\"registry.terraform.io/hashicorp/aws\"]",
      "instances": [
        {
          "schema_version": 0,
          "attributes": {
            "action": "lambda:InvokeFunction",
            "event_source_token": null,
            "function_name": "usuarios",
            "function_url_auth_type": null,
            "id": "AllowS3",
            "principal": "s3.amazonaws.com",
            "principal_org_id": null,
            "qualifier": "",
            "source_account": null,
            "source_arn": "arn:aws:s3:::taxis-bucket",
            "statement_id": "AllowS3",
            "statement_id_prefix": ""
          },
          "sensitive_attributes": [],
          "private": "bnVsbA==",
          "dependencies": [
            "aws_iam_role.lambda_usuarios_exec_role",
            "aws_lambda_function.usuarios",
            "aws_s3_bucket.bucket",
            "data.archive_file.lambda_usuarios",
            "data.aws_security_group.lambda_sg",
            "data.aws_subnet.public1-us-east-2a",
            "data.aws_subnet.public2-us-east-2b"
          ]
        }
      ]
    },
    {
      "mode": "managed",
      "type": "aws_lambda_permission",
      "name": "allow_s3_viajes",
      "provider": "provider[\"registry.terraform.io/hashicorp/aws\"]",
      "instances": [
        {
          "schema_version": 0,
          "attributes": {
            "action": "lambda:InvokeFunction",
            "event_source_token": null,
            "function_name": "viajes",
            "function_url_auth_type": null,
            "id": "AllowS3",
            "principal": "s3.amazonaws.com",
            "principal_org_id": null,
            "qualifier": "",
            "source_account": null,
            "source_arn": "arn:aws:s3:::taxis-bucket",
            "statement_id": "AllowS3",
            "statement_id_prefix": ""
          },
          "sensitive_attributes": [],
          "private": "bnVsbA==",
          "dependencies": [
            "aws_iam_role.lambda_viajes_exec_role",
            "aws_lambda_function.viajes",
            "aws_s3_bucket.bucket",
            "data.archive_file.lambda_viajes",
            "data.aws_security_group.lambda_sg",
            "data.aws_subnet.public1-us-east-2a",
            "data.aws_subnet.public2-us-east-2b"
          ]
        }
      ]
    },
    {
      "mode": "managed",
      "type": "aws_s3_bucket",
      "name": "bucket",
      "provider": "provider[\"registry.terraform.io/hashicorp/aws\"]",
      "instances": [
        {
          "schema_version": 0,
          "attributes": {
            "acceleration_status": "",
            "acl": null,
            "arn": "arn:aws:s3:::taxis-bucket",
            "bucket": "taxis-bucket",
            "bucket_domain_name": "taxis-bucket.s3.amazonaws.com",
            "bucket_prefix": "",
            "bucket_regional_domain_name": "taxis-bucket.s3.us-east-2.amazonaws.com",
            "cors_rule": [],
            "force_destroy": false,
            "grant": [
              {
                "id": "14179d09f0d4d8393964c51cf8d507feb91704bee3147da22a487b7b4a3990f8",
                "permissions": [
                  "FULL_CONTROL"
                ],
                "type": "CanonicalUser",
                "uri": ""
              }
            ],
            "hosted_zone_id": "Z2O1EMRO9K5GLX",
            "id": "taxis-bucket",
            "lifecycle_rule": [],
            "logging": [],
            "object_lock_configuration": [],
            "object_lock_enabled": false,
            "policy": "",
            "region": "us-east-2",
            "replication_configuration": [],
            "request_payer": "BucketOwner",
            "server_side_encryption_configuration": [
              {
                "rule": [
                  {
                    "apply_server_side_encryption_by_default": [
                      {
                        "kms_master_key_id": "",
                        "sse_algorithm": "AES256"
                      }
                    ],
                    "bucket_key_enabled": false
                  }
                ]
              }
            ],
            "tags": {},
            "tags_all": {},
            "timeouts": null,
            "versioning": [
              {
                "enabled": false,
                "mfa_delete": false
              }
            ],
            "website": [],
            "website_domain": null,
            "website_endpoint": null
          },
          "sensitive_attributes": [],
          "private": "eyJlMmJmYjczMC1lY2FhLTExZTYtOGY4OC0zNDM2M2JjN2M0YzAiOnsiY3JlYXRlIjoxMjAwMDAwMDAwMDAwLCJkZWxldGUiOjM2MDAwMDAwMDAwMDAsInJlYWQiOjEyMDAwMDAwMDAwMDAsInVwZGF0ZSI6MTIwMDAwMDAwMDAwMH19"
        }
      ]
    },
    {
      "mode": "managed",
      "type": "aws_s3_bucket_notification",
      "name": "bucket_notification",
      "provider": "provider[\"registry.terraform.io/hashicorp/aws\"]",
      "instances": [
        {
          "schema_version": 0,
          "attributes": {
            "bucket": "taxis-bucket",
            "eventbridge": false,
            "id": "taxis-bucket",
            "lambda_function": [
              {
                "events": [
                  "s3:ObjectCreated:*"
                ],
                "filter_prefix": "usuarios/",
                "filter_suffix": "",
                "id": "tf-s3-lambda-20250507054738916500000001",
                "lambda_function_arn": "arn:aws:lambda:us-east-2:923789128997:function:usuarios"
              },
              {
                "events": [
                  "s3:ObjectCreated:*"
                ],
                "filter_prefix": "taxis/",
                "filter_suffix": "",
                "id": "tf-s3-lambda-20250507054738916500000002",
                "lambda_function_arn": "arn:aws:lambda:us-east-2:923789128997:function:taxis"
              },
              {
                "events": [
                  "s3:ObjectCreated:*"
                ],
                "filter_prefix": "viajes/",
                "filter_suffix": "",
                "id": "tf-s3-lambda-20250507054738916500000003",
                "lambda_function_arn": "arn:aws:lambda:us-east-2:923789128997:function:viajes"
              }
            ],
            "queue": [],
            "topic": []
          },
          "sensitive_attributes": [],
          "private": "bnVsbA==",
          "dependencies": [
            "aws_iam_role.lambda_taxis_exec_role",
            "aws_iam_role.lambda_usuarios_exec_role",
            "aws_iam_role.lambda_viajes_exec_role",
            "aws_lambda_function.taxis",
            "aws_lambda_function.usuarios",
            "aws_lambda_function.viajes",
            "aws_lambda_permission.allow_s3",
            "aws_lambda_permission.allow_s3_usuarios",
            "aws_lambda_permission.allow_s3_viajes",
            "aws_s3_bucket.bucket",
            "data.archive_file.lambda_taxis",
            "data.archive_file.lambda_usuarios",
            "data.archive_file.lambda_viajes",
            "data.aws_security_group.lambda_sg",
            "data.aws_subnet.public1-us-east-2a",
            "data.aws_subnet.public2-us-east-2b"
          ]
        }
      ]
    }
  ],
  "check_results": null
}
